
Microsoft Visual Studio Solution File, Format Version 12.00
# Visual Studio Version 17
VisualStudioVersion = 17.5.33414.496
MinimumVisualStudioVersion = 10.0.40219.1
Project("{9A19103F-16F7-4668-BE54-9A1E7A4F7556}") = "WebApplicationSOAP", "WebApplicationSOAP\WebApplicationSOAP.csproj", "{10EE146A-A2FE-4B14-9E19-749A2BC793BE}"
EndProject
Project("{FAE04EC0-301F-11D3-BF4B-00C04F79EFBC}") = "WebApplicationSOAP.WebClient", "WebApplicationSOAP.WebClient\WebApplicationSOAP.WebClient.csproj", "{4BABBFAB-8CA2-43F2-815D-F172F0DACAFC}"
EndProject
Global
	GlobalSection(SolutionConfigurationPlatforms) = preSolution
		Debug|Any CPU = Debug|Any CPU
		Release|Any CPU = Release|Any CPU
	EndGlobalSection
	GlobalSection(ProjectConfigurationPlatforms) = postSolution
		{10EE146A-A2FE-4B14-9E19-749A2BC793BE}.Debug|Any CPU.ActiveCfg = Debug|Any CPU
		{10EE146A-A2FE-4B14-9E19-749A2BC793BE}.Debug|Any CPU.Build.0 = Debug|Any CPU
		{10EE146A-A2FE-4B14-9E19-749A2BC793BE}.Release|Any CPU.ActiveCfg = Release|Any CPU
		{10EE146A-A2FE-4B14-9E19-749A2BC793BE}.Release|Any CPU.Build.0 = Release|Any CPU
		{4BABBFAB-8CA2-43F2-815D-F172F0DACAFC}.Debug|Any CPU.ActiveCfg = Debug|Any CPU
		{4BABBFAB-8CA2-43F2-815D-F172F0DACAFC}.Debug|Any CPU.Build.0 = Debug|Any CPU
		{4BABBFAB-8CA2-43F2-815D-F172F0DACAFC}.Release|Any CPU.ActiveCfg = Release|Any CPU
		{4BABBFAB-8CA2-43F2-815D-F172F0DACAFC}.Release|Any CPU.Build.0 = Release|Any CPU
	EndGlobalSection
	GlobalSection(SolutionProperties) = preSolution
		HideSolutionNode = FALSE
	EndGlobalSection
	GlobalSection(ExtensibilityGlobals) = postSolution
		SolutionGuid = {CC389745-4ABB-44F2-95A3-80E9D6F7EAD2}
	EndGlobalSection
EndGlobal
